{
  "requires": true,
  "lockfileVersion": 1,
  "dependencies": {
    "draftjs-to-html": {
      "version": "0.8.4",
      "resolved": "https://registry.npmjs.org/draftjs-to-html/-/draftjs-to-html-0.8.4.tgz",
      "integrity": "sha512-+4hekxc8dTJvKk6usiEsFX9O1uOD9vLZZOs9ZI3RhTe89yNmtazYII/ILDXfbMPfzNaYfX7Gf3zjRm6UUFxqyg=="
    },
    "html-to-draftjs": {
      "version": "1.4.0",
      "resolved": "https://registry.npmjs.org/html-to-draftjs/-/html-to-draftjs-1.4.0.tgz",
      "integrity": "sha1-ijy7ultJ1QvozoXMCLES1b8A/B0="
    }
  }
}
